// !$*UTF8*$!
{
	archiveVersion = 1;
	classes = {
	};
	objectVersion = 56;
	objects = {

/* Begin PBXBuildFile section */
		EE373F152C7E224F008332B4 /* swiftuiApp.swift in Sources */ = {isa = PBXBuildFile; fileRef = EE373F142C7E224F008332B4 /* swiftuiApp.swift */; };
		EE373F172C7E224F008332B4 /* ContentView.swift in Sources */ = {isa = PBXBuildFile; fileRef = EE373F162C7E224F008332B4 /* ContentView.swift */; };
		EE373F192C7E2251008332B4 /* Assets.xcassets in Resources */ = {isa = PBXBuildFile; fileRef = EE373F182C7E2251008332B4 /* Assets.xcassets */; };
		EE373F1D2C7E2251008332B4 /* Preview Assets.xcassets in Resources */ = {isa = PBXBuildFile; fileRef = EE373F1C2C7E2251008332B4 /* Preview Assets.xcassets */; };
		EE373F272C7E2251008332B4 /* swiftuiTests.swift in Sources */ = {isa = PBXBuildFile; fileRef = EE373F262C7E2251008332B4 /* swiftuiTests.swift */; };
		EE373F312C7E2251008332B4 /* swiftuiUITests.swift in Sources */ = {isa = PBXBuildFile; fileRef = EE373F302C7E2251008332B4 /* swiftuiUITests.swift */; };
		EE373F332C7E2251008332B4 /* swiftuiUITestsLaunchTests.swift in Sources */ = {isa = PBXBuildFile; fileRef = EE373F322C7E2251008332B4 /* swiftuiUITestsLaunchTests.swift */; };
/* End PBXBuildFile section */

/* Begin PBXContainerItemProxy section */
		EE373F232C7E2251008332B4 /* PBXContainerItemProxy */ = {
			isa = PBXContainerItemProxy;
			containerPortal = EE373F092C7E224F008332B4 /* Project object */;
			proxyType = 1;
			remoteGlobalIDString = EE373F102C7E224F008332B4;
			remoteInfo = swiftui;
		};
		EE373F2D2C7E2251008332B4 /* PBXContainerItemProxy */ = {
			isa = PBXContainerItemProxy;
			containerPortal = EE373F092C7E224F008332B4 /* Project object */;
			proxyType = 1;
			remoteGlobalIDString = EE373F102C7E224F008332B4;
			remoteInfo = swiftui;
		};
/* End PBXContainerItemProxy section */

/* Begin PBXFileReference section */
		EE373F112C7E224F008332B4 /* swiftui.app */ = {isa = PBXFileReference; explicitFileType = wrapper.application; includeInIndex = 0; path = swiftui.app; sourceTree = BUILT_PRODUCTS_DIR; };
		EE373F142C7E224F008332B4 /* swiftuiApp.swift */ = {isa = PBXFileReference; lastKnownFileType = sourcecode.swift; path = swiftuiApp.swift; sourceTree = "<group>"; };
		EE373F162C7E224F008332B4 /* ContentView.swift */ = {isa = PBXFileReference; lastKnownFileType = sourcecode.swift; path = ContentView.swift; sourceTree = "<group>"; };
		EE373F182C7E2251008332B4 /* Assets.xcassets */ = {isa = PBXFileReference; lastKnownFileType = folder.assetcatalog; path = Assets.xcassets; sourceTree = "<group>"; };
		EE373F1A2C7E2251008332B4 /* swiftui.entitlements */ = {isa = PBXFileReference; lastKnownFileType = text.plist.entitlements; path = swiftui.entitlements; sourceTree = "<group>"; };
		EE373F1C2C7E2251008332B4 /* Preview Assets.xcassets */ = {isa = PBXFileReference; lastKnownFileType = folder.assetcatalog; path = "Preview Assets.xcassets"; sourceTree = "<group>"; };
		EE373F222C7E2251008332B4 /* swiftuiTests.xctest */ = {isa = PBXFileReference; explicitFileType = wrapper.cfbundle; includeInIndex = 0; path = swiftuiTests.xctest; sourceTree = BUILT_PRODUCTS_DIR; };
		EE373F262C7E2251008332B4 /* swiftuiTests.swift */ = {isa = PBXFileReference; lastKnownFileType = sourcecode.swift; path = swiftuiTests.swift; sourceTree = "<group>"; };
		EE373F2C2C7E2251008332B4 /* swiftuiUITests.xctest */ = {isa = PBXFileReference; explicitFileType = wrapper.cfbundle; includeInIndex = 0; path = swiftuiUITests.xctest; sourceTree = BUILT_PRODUCTS_DIR; };
		EE373F302C7E2251008332B4 /* swiftuiUITests.swift */ = {isa = PBXFileReference; lastKnownFileType = sourcecode.swift; path = swiftuiUITests.swift; sourceTree = "<group>"; };
		EE373F322C7E2251008332B4 /* swiftuiUITestsLaunchTests.swift */ = {isa = PBXFileReference; lastKnownFileType = sourcecode.swift; path = swiftuiUITestsLaunchTests.swift; sourceTree = "<group>"; };
/* End PBXFileReference section */

/* Begin PBXFrameworksBuildPhase section */
		EE373F0E2C7E224F008332B4 /* Frameworks */ = {
			isa = PBXFrameworksBuildPhase;
			buildActionMask = 2147483647;
			files = (
			);
			runOnlyForDeploymentPostprocessing = 0;
		};
		EE373F1F2C7E2251008332B4 /* Frameworks */ = {
			isa = PBXFrameworksBuildPhase;
			buildActionMask = 2147483647;
			files = (
			);
			runOnlyForDeploymentPostprocessing = 0;
		};
		EE373F292C7E2251008332B4 /* Frameworks */ = {
			isa = PBXFrameworksBuildPhase;
			buildActionMask = 2147483647;
			files = (
			);
			runOnlyForDeploymentPostprocessing = 0;
		};
/* End PBXFrameworksBuildPhase section */

/* Begin PBXGroup section */
		EE373F082C7E224F008332B4 = {
			isa = PBXGroup;
			children = (
				EE373F132C7E224F008332B4 /* swiftui */,
				EE373F252C7E2251008332B4 /* swiftuiTests */,
				EE373F2F2C7E2251008332B4 /* swiftuiUITests */,
				EE373F122C7E224F008332B4 /* Products */,
			);
			sourceTree = "<group>";
		};
		EE373F122C7E224F008332B4 /* Products */ = {
			isa = PBXGroup;
			children = (
				EE373F112C7E224F008332B4 /* swiftui.app */,
				EE373F222C7E2251008332B4 /* swiftuiTests.xctest */,
				EE373F2C2C7E2251008332B4 /* swiftuiUITests.xctest */,
			);
			name = Products;
			sourceTree = "<group>";
		};
		EE373F132C7E224F008332B4 /* swiftui */ = {
			isa = PBXGroup;
			children = (
				EE373F142C7E224F008332B4 /* swiftuiApp.swift */,
				EE373F162C7E224F008332B4 /* ContentView.swift */,
				EE373F182C7E2251008332B4 /* Assets.xcassets */,
				EE373F1A2C7E2251008332B4 /* swiftui.entitlements */,
				EE373F1B2C7E2251008332B4 /* Preview Content */,
			);
			path = swiftui;
			sourceTree = "<group>";
		};
		EE373F1B2C7E2251008332B4 /* Preview Content */ = {
			isa = PBXGroup;
			children = (
				EE373F1C2C7E2251008332B4 /* Preview Assets.xcassets */,
			);
			path = "Preview Content";
			sourceTree = "<group>";
		};
		EE373F252C7E2251008332B4 /* swiftuiTests */ = {
			isa = PBXGroup;
			children = (
				EE373F262C7E2251008332B4 /* swiftuiTests.swift */,
			);
			path = swiftuiTests;
			sourceTree = "<group>";
		};
		EE373F2F2C7E2251008332B4 /* swiftuiUITests */ = {
			isa = PBXGroup;
			children = (
				EE373F302C7E2251008332B4 /* swiftuiUITests.swift */,
				EE373F322C7E2251008332B4 /* swiftuiUITestsLaunchTests.swift */,
			);
			path = swiftuiUITests;
			sourceTree = "<group>";
		};
/* End PBXGroup section */

/* Begin PBXNativeTarget section */
		EE373F102C7E224F008332B4 /* swiftui */ = {
			isa = PBXNativeTarget;
			buildConfigurationList = EE373F362C7E2251008332B4 /* Build configuration list for PBXNativeTarget "swiftui" */;
			buildPhases = (
				EE373F0D2C7E224F008332B4 /* Sources */,
				EE373F0E2C7E224F008332B4 /* Frameworks */,
				EE373F0F2C7E224F008332B4 /* Resources */,
			);
			buildRules = (
			);
			dependencies = (
			);
			name = swiftui;
			productName = swiftui;
			productReference = EE373F112C7E224F008332B4 /* swiftui.app */;
			productType = "com.apple.product-type.application";
		};
		EE373F212C7E2251008332B4 /* swiftuiTests */ = {
			isa = PBXNativeTarget;
			buildConfigurationList = EE373F392C7E2251008332B4 /* Build configuration list for PBXNativeTarget "swiftuiTests" */;
			buildPhases = (
				EE373F1E2C7E2251008332B4 /* Sources */,
				EE373F1F2C7E2251008332B4 /* Frameworks */,
				EE373F202C7E2251008332B4 /* Resources */,
			);
			buildRules = (
			);
			dependencies = (
				EE373F242C7E2251008332B4 /* PBXTargetDependency */,
			);
			name = swiftuiTests;
			productName = swiftuiTests;
			productReference = EE373F222C7E2251008332B4 /* swiftuiTests.xctest */;
			productType = "com.apple.product-type.bundle.unit-test";
		};
		EE373F2B2C7E2251008332B4 /* swiftuiUITests */ = {
			isa = PBXNativeTarget;
			buildConfigurationList = EE373F3C2C7E2251008332B4 /* Build configuration list for PBXNativeTarget "swiftuiUITests" */;
			buildPhases = (
				EE373F282C7E2251008332B4 /* Sources */,
				EE373F292C7E2251008332B4 /* Frameworks */,
				EE373F2A2C7E2251008332B4 /* Resources */,
			);
			buildRules = (
			);
			dependencies = (
				EE373F2E2C7E2251008332B4 /* PBXTargetDependency */,
			);
			name = swiftuiUITests;
			productName = swiftuiUITests;
			productReference = EE373F2C2C7E2251008332B4 /* swiftuiUITests.xctest */;
			productType = "com.apple.product-type.bundle.ui-testing";
		};
/* End PBXNativeTarget section */

/* Begin PBXProject section */
		EE373F092C7E224F008332B4 /* Project object */ = {
			isa = PBXProject;
			attributes = {
				BuildIndependentTargetsInParallel = 1;
				LastSwiftUpdateCheck = 1540;
				LastUpgradeCheck = 1540;
				TargetAttributes = {
					EE373F102C7E224F008332B4 = {
						CreatedOnToolsVersion = 15.4;
					};
					EE373F212C7E2251008332B4 = {
						CreatedOnToolsVersion = 15.4;
						TestTargetID = EE373F102C7E224F008332B4;
					};
					EE373F2B2C7E2251008332B4 = {
						CreatedOnToolsVersion = 15.4;
						TestTargetID = EE373F102C7E224F008332B4;
					};
				};
			};
			buildConfigurationList = EE373F0C2C7E224F008332B4 /* Build configuration list for PBXProject "swiftui" */;
			compatibilityVersion = "Xcode 14.0";
			developmentRegion = en;
			hasScannedForEncodings = 0;
			knownRegions = (
				en,
				Base,
			);
			mainGroup = EE373F082C7E224F008332B4;
			productRefGroup = EE373F122C7E224F008332B4 /* Products */;
			projectDirPath = "";
			projectRoot = "";
			targets = (
				EE373F102C7E224F008332B4 /* swiftui */,
				EE373F212C7E2251008332B4 /* swiftuiTests */,
				EE373F2B2C7E2251008332B4 /* swiftuiUITests */,
			);
		};
/* End PBXProject section */

/* Begin PBXResourcesBuildPhase section */
		EE373F0F2C7E224F008332B4 /* Resources */ = {
			isa = PBXResourcesBuildPhase;
			buildActionMask = 2147483647;
			files = (
				EE373F1D2C7E2251008332B4 /* Preview Assets.xcassets in Resources */,
				EE373F192C7E2251008332B4 /* Assets.xcassets in Resources */,
			);
			runOnlyForDeploymentPostprocessing = 0;
		};
		EE373F202C7E2251008332B4 /* Resources */ = {
			isa = PBXResourcesBuildPhase;
			buildActionMask = 2147483647;
			files = (
			);
			runOnlyForDeploymentPostprocessing = 0;
		};
		EE373F2A2C7E2251008332B4 /* Resources */ = {
			isa = PBXResourcesBuildPhase;
			buildActionMask = 2147483647;
			files = (
			);
			runOnlyForDeploymentPostprocessing = 0;
		};
/* End PBXResourcesBuildPhase section */

/* Begin PBXSourcesBuildPhase section */
		EE373F0D2C7E224F008332B4 /* Sources */ = {
			isa = PBXSourcesBuildPhase;
			buildActionMask = 2147483647;
			files = (
				EE373F172C7E224F008332B4 /* ContentView.swift in Sources */,
				EE373F152C7E224F008332B4 /* swiftuiApp.swift in Sources */,
			);
			runOnlyForDeploymentPostprocessing = 0;
		};
		EE373F1E2C7E2251008332B4 /* Sources */ = {
			isa = PBXSourcesBuildPhase;
			buildActionMask = 2147483647;
			files = (
				EE373F272C7E2251008332B4 /* swiftuiTests.swift in Sources */,
			);
			runOnlyForDeploymentPostprocessing = 0;
		};
		EE373F282C7E2251008332B4 /* Sources */ = {
			isa = PBXSourcesBuildPhase;
			buildActionMask = 2147483647;
			files = (
				EE373F332C7E2251008332B4 /* swiftuiUITestsLaunchTests.swift in Sources */,
				EE373F312C7E2251008332B4 /* swiftuiUITests.swift in Sources */,
			);
			runOnlyForDeploymentPostprocessing = 0;
		};
/* End PBXSourcesBuildPhase section */

/* Begin PBXTargetDependency section */
		EE373F242C7E2251008332B4 /* PBXTargetDependency */ = {
			isa = PBXTargetDependency;
			target = EE373F102C7E224F008332B4 /* swiftui */;
			targetProxy = EE373F232C7E2251008332B4 /* PBXContainerItemProxy */;
		};
		EE373F2E2C7E2251008332B4 /* PBXTargetDependency */ = {
			isa = PBXTargetDependency;
			target = EE373F102C7E224F008332B4 /* swiftui */;
			targetProxy = EE373F2D2C7E2251008332B4 /* PBXContainerItemProxy */;
		};
/* End PBXTargetDependency section */

/* Begin XCBuildConfiguration section */
		EE373F342C7E2251008332B4 /* Debug */ = {
			isa = XCBuildConfiguration;
			buildSettings = {
				ALWAYS_SEARCH_USER_PATHS = NO;
				ASSETCATALOG_COMPILER_GENERATE_SWIFT_ASSET_SYMBOL_EXTENSIONS = YES;
				CLANG_ANALYZER_NONNULL = YES;
				CLANG_ANALYZER_NUMBER_OBJECT_CONVERSION = YES_AGGRESSIVE;
				CLANG_CXX_LANGUAGE_STANDARD = "gnu++20";
				CLANG_ENABLE_MODULES = YES;
				CLANG_ENABLE_OBJC_ARC = YES;
				CLANG_ENABLE_OBJC_WEAK = YES;
				CLANG_WARN_BLOCK_CAPTURE_AUTORELEASING = YES;
				CLANG_WARN_BOOL_CONVERSION = YES;
				CLANG_WARN_COMMA = YES;
				CLANG_WARN_CONSTANT_CONVERSION = YES;
				CLANG_WARN_DEPRECATED_OBJC_IMPLEMENTATIONS = YES;
				CLANG_WARN_DIRECT_OBJC_ISA_USAGE = YES_ERROR;
				CLANG_WARN_DOCUMENTATION_COMMENTS = YES;
				CLANG_WARN_EMPTY_BODY = YES;
				CLANG_WARN_ENUM_CONVERSION = YES;
				CLANG_WARN_INFINITE_RECURSION = YES;
				CLANG_WARN_INT_CONVERSION = YES;
				CLANG_WARN_NON_LITERAL_NULL_CONVERSION = YES;
				CLANG_WARN_OBJC_IMPLICIT_RETAIN_SELF = YES;
				CLANG_WARN_OBJC_LITERAL_CONVERSION = YES;
				CLANG_WARN_OBJC_ROOT_CLASS = YES_ERROR;
				CLANG_WARN_QUOTED_INCLUDE_IN_FRAMEWORK_HEADER = YES;
				CLANG_WARN_RANGE_LOOP_ANALYSIS = YES;
				CLANG_WARN_STRICT_PROTOTYPES = YES;
				CLANG_WARN_SUSPICIOUS_MOVE = YES;
				CLANG_WARN_UNGUARDED_AVAILABILITY = YES_AGGRESSIVE;
				CLANG_WARN_UNREACHABLE_CODE = YES;
				CLANG_WARN__DUPLICATE_METHOD_MATCH = YES;
				COPY_PHASE_STRIP = NO;
				DEBUG_INFORMATION_FORMAT = dwarf;
				ENABLE_STRICT_OBJC_MSGSEND = YES;
				ENABLE_TESTABILITY = YES;
				ENABLE_USER_SCRIPT_SANDBOXING = YES;
				GCC_C_LANGUAGE_STANDARD = gnu17;
				GCC_DYNAMIC_NO_PIC = NO;
				GCC_NO_COMMON_BLOCKS = YES;
				GCC_OPTIMIZATION_LEVEL = 0;
				GCC_PREPROCESSOR_DEFINITIONS = (
					"DEBUG=1",
					"$(inherited)",
				);
				GCC_WARN_64_TO_32_BIT_CONVERSION = YES;
				GCC_WARN_ABOUT_RETURN_TYPE = YES_ERROR;
				GCC_WARN_UNDECLARED_SELECTOR = YES;
				GCC_WARN_UNINITIALIZED_AUTOS = YES_AGGRESSIVE;
				GCC_WARN_UNUSED_FUNCTION = YES;
				GCC_WARN_UNUSED_VARIABLE = YES;
				LOCALIZATION_PREFERS_STRING_CATALOGS = YES;
				MTL_ENABLE_DEBUG_INFO = INCLUDE_SOURCE;
				MTL_FAST_MATH = YES;
				ONLY_ACTIVE_ARCH = YES;
				SWIFT_ACTIVE_COMPILATION_CONDITIONS = "DEBUG $(inherited)";
				SWIFT_OPTIMIZATION_LEVEL = "-Onone";
			};
			name = Debug;
		};
		EE373F352C7E2251008332B4 /* Release */ = {
			isa = XCBuildConfiguration;
			buildSettings = {
				ALWAYS_SEARCH_USER_PATHS = NO;
				ASSETCATALOG_COMPILER_GENERATE_SWIFT_ASSET_SYMBOL_EXTENSIONS = YES;
				CLANG_ANALYZER_NONNULL = YES;
				CLANG_ANALYZER_NUMBER_OBJECT_CONVERSION = YES_AGGRESSIVE;
				CLANG_CXX_LANGUAGE_STANDARD = "gnu++20";
				CLANG_ENABLE_MODULES = YES;
				CLANG_ENABLE_OBJC_ARC = YES;
				CLANG_ENABLE_OBJC_WEAK = YES;
				CLANG_WARN_BLOCK_CAPTURE_AUTORELEASING = YES;
				CLANG_WARN_BOOL_CONVERSION = YES;
				CLANG_WARN_COMMA = YES;
				CLANG_WARN_CONSTANT_CONVERSION = YES;
				CLANG_WARN_DEPRECATED_OBJC_IMPLEMENTATIONS = YES;
				CLANG_WARN_DIRECT_OBJC_ISA_USAGE = YES_ERROR;
				CLANG_WARN_DOCUMENTATION_COMMENTS = YES;
				CLANG_WARN_EMPTY_BODY = YES;
				CLANG_WARN_ENUM_CONVERSION = YES;
				CLANG_WARN_INFINITE_RECURSION = YES;
				CLANG_WARN_INT_CONVERSION = YES;
				CLANG_WARN_NON_LITERAL_NULL_CONVERSION = YES;
				CLANG_WARN_OBJC_IMPLICIT_RETAIN_SELF = YES;
				CLANG_WARN_OBJC_LITERAL_CONVERSION = YES;
				CLANG_WARN_OBJC_ROOT_CLASS = YES_ERROR;
				CLANG_WARN_QUOTED_INCLUDE_IN_FRAMEWORK_HEADER = YES;
				CLANG_WARN_RANGE_LOOP_ANALYSIS = YES;
				CLANG_WARN_STRICT_PROTOTYPES = YES;
				CLANG_WARN_SUSPICIOUS_MOVE = YES;
				CLANG_WARN_UNGUARDED_AVAILABILITY = YES_AGGRESSIVE;
				CLANG_WARN_UNREACHABLE_CODE = YES;
				CLANG_WARN__DUPLICATE_METHOD_MATCH = YES;
				COPY_PHASE_STRIP = NO;
				DEBUG_INFORMATION_FORMAT = "dwarf-with-dsym";
				ENABLE_NS_ASSERTIONS = NO;
				ENABLE_STRICT_OBJC_MSGSEND = YES;
				ENABLE_USER_SCRIPT_SANDBOXING = YES;
				GCC_C_LANGUAGE_STANDARD = gnu17;
				GCC_NO_COMMON_BLOCKS = YES;
				GCC_WARN_64_TO_32_BIT_CONVERSION = YES;
				GCC_WARN_ABOUT_RETURN_TYPE = YES_ERROR;
				GCC_WARN_UNDECLARED_SELECTOR = YES;
				GCC_WARN_UNINITIALIZED_AUTOS = YES_AGGRESSIVE;
				GCC_WARN_UNUSED_FUNCTION = YES;
				GCC_WARN_UNUSED_VARIABLE = YES;
				LOCALIZATION_PREFERS_STRING_CATALOGS = YES;
				MTL_ENABLE_DEBUG_INFO = NO;
				MTL_FAST_MATH = YES;
				SWIFT_COMPILATION_MODE = wholemodule;
			};
			name = Release;
		};
		EE373F372C7E2251008332B4 /* Debug */ = {
			isa = XCBuildConfiguration;
			buildSettings = {
				ASSETCATALOG_COMPILER_APPICON_NAME = AppIcon;
				ASSETCATALOG_COMPILER_GLOBAL_ACCENT_COLOR_NAME = AccentColor;
				CODE_SIGN_ENTITLEMENTS = swiftui/swiftui.entitlements;
				CODE_SIGN_STYLE = Automatic;
				CURRENT_PROJECT_VERSION = 1;
				DEVELOPMENT_ASSET_PATHS = "\"swiftui/Preview Content\"";
				DEVELOPMENT_TEAM = ZWWU9W7AL4;
				ENABLE_PREVIEWS = YES;
				GENERATE_INFOPLIST_FILE = YES;
				"INFOPLIST_KEY_UIApplicationSceneManifest_Generation[sdk=iphoneos*]" = YES;
				"INFOPLIST_KEY_UIApplicationSceneManifest_Generation[sdk=iphonesimulator*]" = YES;
				"INFOPLIST_KEY_UIApplicationSupportsIndirectInputEvents[sdk=iphoneos*]" = YES;
				"INFOPLIST_KEY_UIApplicationSupportsIndirectInputEvents[sdk=iphonesimulator*]" = YES;
				"INFOPLIST_KEY_UILaunchScreen_Generation[sdk=iphoneos*]" = YES;
				"INFOPLIST_KEY_UILaunchScreen_Generation[sdk=iphonesimulator*]" = YES;
				"INFOPLIST_KEY_UIStatusBarStyle[sdk=iphoneos*]" = UIStatusBarStyleDefault;
				"INFOPLIST_KEY_UIStatusBarStyle[sdk=iphonesimulator*]" = UIStatusBarStyleDefault;
				INFOPLIST_KEY_UISupportedInterfaceOrientations_iPad = "UIInterfaceOrientationPortrait UIInterfaceOrientationPortraitUpsideDown UIInterfaceOrientationLandscapeLeft UIInterfaceOrientationLandscapeRight";
				INFOPLIST_KEY_UISupportedInterfaceOrientations_iPhone = "UIInterfaceOrientationPortrait UIInterfaceOrientationLandscapeLeft UIInterfaceOrientationLandscapeRight";
				IPHONEOS_DEPLOYMENT_TARGET = 15.6;
				LD_RUNPATH_SEARCH_PATHS = "@executable_path/Frameworks";
				"LD_RUNPATH_SEARCH_PATHS[sdk=macosx*]" = "@executable_path/../Frameworks";
				MACOSX_DEPLOYMENT_TARGET = 14.5;
				MARKETING_VERSION = 1.0;
				PRODUCT_BUNDLE_IDENTIFIER = uk.co.ulverscroft.ulibrary;
				"PRODUCT_BUNDLE_IDENTIFIER[sdk=iphoneos*]" = uk.co.ulverscroft.ulibrary;
				PRODUCT_NAME = "$(TARGET_NAME)";
				SDKROOT = auto;
				SUPPORTED_PLATFORMS = "iphoneos iphonesimulator macosx";
				SWIFT_EMIT_LOC_STRINGS = YES;
				SWIFT_VERSION = 5.0;
				TARGETED_DEVICE_FAMILY = "1,2";
			};
			name = Debug;
		};
		EE373F382C7E2251008332B4 /* Release */ = {
			isa = XCBuildConfiguration;
			buildSettings = {
				ASSETCATALOG_COMPILER_APPICON_NAME = AppIcon;
				ASSETCATALOG_COMPILER_GLOBAL_ACCENT_COLOR_NAME = AccentColor;
				CODE_SIGN_ENTITLEMENTS = swiftui/swiftui.entitlements;
				CODE_SIGN_STYLE = Automatic;
				CURRENT_PROJECT_VERSION = 1;
				DEVELOPMENT_ASSET_PATHS = "\"swiftui/Preview Content\"";
				DEVELOPMENT_TEAM = ZWWU9W7AL4;
				ENABLE_PREVIEWS = YES;
				GENERATE_INFOPLIST_FILE = YES;
				"INFOPLIST_KEY_UIApplicationSceneManifest_Generation[sdk=iphoneos*]" = YES;
				"INFOPLIST_KEY_UIApplicationSceneManifest_Generation[sdk=iphonesimulator*]" = YES;
				"INFOPLIST_KEY_UIApplicationSupportsIndirectInputEvents[sdk=iphoneos*]" = YES;
				"INFOPLIST_KEY_UIApplicationSupportsIndirectInputEvents[sdk=iphonesimulator*]" = YES;
				"INFOPLIST_KEY_UILaunchScreen_Generation[sdk=iphoneos*]" = YES;
				"INFOPLIST_KEY_UILaunchScreen_Generation[sdk=iphonesimulator*]" = YES;
				"INFOPLIST_KEY_UIStatusBarStyle[sdk=iphoneos*]" = UIStatusBarStyleDefault;
				"INFOPLIST_KEY_UIStatusBarStyle[sdk=iphonesimulator*]" = UIStatusBarStyleDefault;
				INFOPLIST_KEY_UISupportedInterfaceOrientations_iPad = "UIInterfaceOrientationPortrait UIInterfaceOrientationPortraitUpsideDown UIInterfaceOrientationLandscapeLeft UIInterfaceOrientationLandscapeRight";
				INFOPLIST_KEY_UISupportedInterfaceOrientations_iPhone = "UIInterfaceOrientationPortrait UIInterfaceOrientationLandscapeLeft UIInterfaceOrientationLandscapeRight";
				IPHONEOS_DEPLOYMENT_TARGET = 15.6;
				LD_RUNPATH_SEARCH_PATHS = "@executable_path/Frameworks";
				"LD_RUNPATH_SEARCH_PATHS[sdk=macosx*]" = "@executable_path/../Frameworks";
				MACOSX_DEPLOYMENT_TARGET = 14.5;
				MARKETING_VERSION = 1.0;
				PRODUCT_BUNDLE_IDENTIFIER = uk.co.ulverscroft.ulibrary;
				"PRODUCT_BUNDLE_IDENTIFIER[sdk=iphoneos*]" = uk.co.ulverscroft.ulibrary;
				PRODUCT_NAME = "$(TARGET_NAME)";
				SDKROOT = auto;
				SUPPORTED_PLATFORMS = "iphoneos iphonesimulator macosx";
				SWIFT_EMIT_LOC_STRINGS = YES;
				SWIFT_VERSION = 5.0;
				TARGETED_DEVICE_FAMILY = "1,2";
			};
			name = Release;
		};
		EE373F3A2C7E2251008332B4 /* Debug */ = {
			isa = XCBuildConfiguration;
			buildSettings = {
				ALWAYS_EMBED_SWIFT_STANDARD_LIBRARIES = YES;
				BUNDLE_LOADER = "$(TEST_HOST)";
				CODE_SIGN_STYLE = Automatic;
				CURRENT_PROJECT_VERSION = 1;
				GENERATE_INFOPLIST_FILE = YES;
				IPHONEOS_DEPLOYMENT_TARGET = 17.5;
				MACOSX_DEPLOYMENT_TARGET = 14.5;
				MARKETING_VERSION = 1.0;
				PRODUCT_BUNDLE_IDENTIFIER = uk.co.ulverscroft.swiftuiTests;
				PRODUCT_NAME = "$(TARGET_NAME)";
				SDKROOT = auto;
				SUPPORTED_PLATFORMS = "iphoneos iphonesimulator macosx";
				SWIFT_EMIT_LOC_STRINGS = NO;
				SWIFT_VERSION = 5.0;
				TARGETED_DEVICE_FAMILY = "1,2";
				TEST_HOST = "$(BUILT_PRODUCTS_DIR)/swiftui.app/$(BUNDLE_EXECUTABLE_FOLDER_PATH)/swiftui";
			};
			name = Debug;
		};
		EE373F3B2C7E2251008332B4 /* Release */ = {
			isa = XCBuildConfiguration;
			buildSettings = {
				ALWAYS_EMBED_SWIFT_STANDARD_LIBRARIES = YES;
				BUNDLE_LOADER = "$(TEST_HOST)";
				CODE_SIGN_STYLE = Automatic;
				CURRENT_PROJECT_VERSION = 1;
				GENERATE_INFOPLIST_FILE = YES;
				IPHONEOS_DEPLOYMENT_TARGET = 17.5;
				MACOSX_DEPLOYMENT_TARGET = 14.5;
				MARKETING_VERSION = 1.0;
				PRODUCT_BUNDLE_IDENTIFIER = uk.co.ulverscroft.swiftuiTests;
				PRODUCT_NAME = "$(TARGET_NAME)";
				SDKROOT = auto;
				SUPPORTED_PLATFORMS = "iphoneos iphonesimulator macosx";
				SWIFT_EMIT_LOC_STRINGS = NO;
				SWIFT_VERSION = 5.0;
				TARGETED_DEVICE_FAMILY = "1,2";
				TEST_HOST = "$(BUILT_PRODUCTS_DIR)/swiftui.app/$(BUNDLE_EXECUTABLE_FOLDER_PATH)/swiftui";
			};
			name = Release;
		};
		EE373F3D2C7E2251008332B4 /* Debug */ = {
			isa = XCBuildConfiguration;
			buildSettings = {
				ALWAYS_EMBED_SWIFT_STANDARD_LIBRARIES = YES;
				CODE_SIGN_STYLE = Automatic;
				CURRENT_PROJECT_VERSION = 1;
				GENERATE_INFOPLIST_FILE = YES;
				IPHONEOS_DEPLOYMENT_TARGET = 17.5;
				MACOSX_DEPLOYMENT_TARGET = 14.5;
				MARKETING_VERSION = 1.0;
				PRODUCT_BUNDLE_IDENTIFIER = tm.swiftuiUITests;
				PRODUCT_NAME = "$(TARGET_NAME)";
				SDKROOT = auto;
				SUPPORTED_PLATFORMS = "iphoneos iphonesimulator macosx";
				SWIFT_EMIT_LOC_STRINGS = NO;
				SWIFT_VERSION = 5.0;
				TARGETED_DEVICE_FAMILY = "1,2";
				TEST_TARGET_NAME = swiftui;
			};
			name = Debug;
		};
		EE373F3E2C7E2251008332B4 /* Release */ = {
			isa = XCBuildConfiguration;
			buildSettings = {
				ALWAYS_EMBED_SWIFT_STANDARD_LIBRARIES = YES;
				CODE_SIGN_STYLE = Automatic;
				CURRENT_PROJECT_VERSION = 1;
				GENERATE_INFOPLIST_FILE = YES;
				IPHONEOS_DEPLOYMENT_TARGET = 17.5;
				MACOSX_DEPLOYMENT_TARGET = 14.5;
				MARKETING_VERSION = 1.0;
				PRODUCT_BUNDLE_IDENTIFIER = tm.swiftuiUITests;
				PRODUCT_NAME = "$(TARGET_NAME)";
				SDKROOT = auto;
				SUPPORTED_PLATFORMS = "iphoneos iphonesimulator macosx";
				SWIFT_EMIT_LOC_STRINGS = NO;
				SWIFT_VERSION = 5.0;
				TARGETED_DEVICE_FAMILY = "1,2";
				TEST_TARGET_NAME = swiftui;
			};
			name = Release;
		};
/* End XCBuildConfiguration section */

/* Begin XCConfigurationList section */
		EE373F0C2C7E224F008332B4 /* Build configuration list for PBXProject "swiftui" */ = {
			isa = XCConfigurationList;
			buildConfigurations = (
				EE373F342C7E2251008332B4 /* Debug */,
				EE373F352C7E2251008332B4 /* Release */,
			);
			defaultConfigurationIsVisible = 0;
			defaultConfigurationName = Release;
		};
		EE373F362C7E2251008332B4 /* Build configuration list for PBXNativeTarget "swiftui" */ = {
			isa = XCConfigurationList;
			buildConfigurations = (
				EE373F372C7E2251008332B4 /* Debug */,
				EE373F382C7E2251008332B4 /* Release */,
			);
			defaultConfigurationIsVisible = 0;
			defaultConfigurationName = Release;
		};
		EE373F392C7E2251008332B4 /* Build configuration list for PBXNativeTarget "swiftuiTests" */ = {
			isa = XCConfigurationList;
			buildConfigurations = (
				EE373F3A2C7E2251008332B4 /* Debug */,
				EE373F3B2C7E2251008332B4 /* Release */,
			);
			defaultConfigurationIsVisible = 0;
			defaultConfigurationName = Release;
		};
		EE373F3C2C7E2251008332B4 /* Build configuration list for PBXNativeTarget "swiftuiUITests" */ = {
			isa = XCConfigurationList;
			buildConfigurations = (
				EE373F3D2C7E2251008332B4 /* Debug */,
				EE373F3E2C7E2251008332B4 /* Release */,
			);
			defaultConfigurationIsVisible = 0;
			defaultConfigurationName = Release;
		};
/* End XCConfigurationList section */
	};
	rootObject = EE373F092C7E224F008332B4 /* Project object */;
}
