// !$*UTF8*$!
{
	archiveVersion = 1;
	classes = {
	};
	objectVersion = 56;
	objects = {

/* Begin PBXBuildFile section */
		EE06DE362C7ED69F00520DB3 /* StringExtension.swift in Sources */ = {isa = PBXBuildFile; fileRef = EE06DE352C7ED69F00520DB3 /* StringExtension.swift */; };
		EE06DE382C7EDDC400520DB3 /* ViewExtension.swift in Sources */ = {isa = PBXBuildFile; fileRef = EE06DE372C7EDDC400520DB3 /* ViewExtension.swift */; };
		EE06DE3B2C7EE33600520DB3 /* MultiOrbit.swift in Sources */ = {isa = PBXBuildFile; fileRef = EE06DE3A2C7EE33600520DB3 /* MultiOrbit.swift */; };
		EE06DE3D2C7EE3E800520DB3 /* ClockRotation.swift in Sources */ = {isa = PBXBuildFile; fileRef = EE06DE3C2C7EE3E800520DB3 /* ClockRotation.swift */; };
		EE06DE3F2C7EE85D00520DB3 /* Rotation2D.swift in Sources */ = {isa = PBXBuildFile; fileRef = EE06DE3E2C7EE85D00520DB3 /* Rotation2D.swift */; };
		EE06DE432C7EEC9700520DB3 /* NetworkingService.swift in Sources */ = {isa = PBXBuildFile; fileRef = EE06DE422C7EEC9700520DB3 /* NetworkingService.swift */; };
		EE06DE462C7EEF7200520DB3 /* Character.swift in Sources */ = {isa = PBXBuildFile; fileRef = EE06DE452C7EEF7200520DB3 /* Character.swift */; };
		EE06DE482C7EEFE500520DB3 /* Location.swift in Sources */ = {isa = PBXBuildFile; fileRef = EE06DE472C7EEFE500520DB3 /* Location.swift */; };
		EE06DE4A2C7EF00200520DB3 /* Episode.swift in Sources */ = {isa = PBXBuildFile; fileRef = EE06DE492C7EF00200520DB3 /* Episode.swift */; };
		EE06DE4D2C7EF0C800520DB3 /* CharacterRow.swift in Sources */ = {isa = PBXBuildFile; fileRef = EE06DE4C2C7EF0C800520DB3 /* CharacterRow.swift */; };
		EE06DE4F2C7EF0E500520DB3 /* EpisodeRow.swift in Sources */ = {isa = PBXBuildFile; fileRef = EE06DE4E2C7EF0E500520DB3 /* EpisodeRow.swift */; };
		EE06DE512C7EF11700520DB3 /* LocationRow.swift in Sources */ = {isa = PBXBuildFile; fileRef = EE06DE502C7EF11700520DB3 /* LocationRow.swift */; };
		EE06DE532C7EF41600520DB3 /* DashBoardView.swift in Sources */ = {isa = PBXBuildFile; fileRef = EE06DE522C7EF41600520DB3 /* DashBoardView.swift */; };
		EE06DE552C7EF45600520DB3 /* TabBarView.swift in Sources */ = {isa = PBXBuildFile; fileRef = EE06DE542C7EF45600520DB3 /* TabBarView.swift */; };
		EE06DE572C7EF4E200520DB3 /* ListScreen.swift in Sources */ = {isa = PBXBuildFile; fileRef = EE06DE562C7EF4E200520DB3 /* ListScreen.swift */; };
		EE06DE592C7F01B400520DB3 /* RegisterView.swift in Sources */ = {isa = PBXBuildFile; fileRef = EE06DE582C7F01B400520DB3 /* RegisterView.swift */; };
		EE06DE5B2C7F01E800520DB3 /* ForgotPasswordView.swift in Sources */ = {isa = PBXBuildFile; fileRef = EE06DE5A2C7F01E800520DB3 /* ForgotPasswordView.swift */; };
		EE06DE5D2C7F021E00520DB3 /* OTPView.swift in Sources */ = {isa = PBXBuildFile; fileRef = EE06DE5C2C7F021E00520DB3 /* OTPView.swift */; };
		EE0AA8662C7E3A3E0083EA38 /* LoginView.swift in Sources */ = {isa = PBXBuildFile; fileRef = EE0AA8652C7E3A3E0083EA38 /* LoginView.swift */; };
		EE0AA8682C7E3C4E0083EA38 /* SplashView.swift in Sources */ = {isa = PBXBuildFile; fileRef = EE0AA8672C7E3C4E0083EA38 /* SplashView.swift */; };
		EE0AA86A2C7E3C870083EA38 /* NavigationStackView.swift in Sources */ = {isa = PBXBuildFile; fileRef = EE0AA8692C7E3C870083EA38 /* NavigationStackView.swift */; };
		EE0E6B812C8031B500D1AAA1 /* CustomNavigationBar.swift in Sources */ = {isa = PBXBuildFile; fileRef = EE0E6B802C8031B500D1AAA1 /* CustomNavigationBar.swift */; };
		EE0E6B852C8053AF00D1AAA1 /* LoginViewModel.swift in Sources */ = {isa = PBXBuildFile; fileRef = EE0E6B842C8053AF00D1AAA1 /* LoginViewModel.swift */; };
		EE0E6B872C8053C400D1AAA1 /* RegistrationViewModel.swift in Sources */ = {isa = PBXBuildFile; fileRef = EE0E6B862C8053C400D1AAA1 /* RegistrationViewModel.swift */; };
		EE0E6B8A2C8053EE00D1AAA1 /* ForgotPasswordViewModel.swift in Sources */ = {isa = PBXBuildFile; fileRef = EE0E6B892C8053EE00D1AAA1 /* ForgotPasswordViewModel.swift */; };
		EE373F152C7E224F008332B4 /* swiftuiApp.swift in Sources */ = {isa = PBXBuildFile; fileRef = EE373F142C7E224F008332B4 /* swiftuiApp.swift */; };
		EE373F172C7E224F008332B4 /* ContentView.swift in Sources */ = {isa = PBXBuildFile; fileRef = EE373F162C7E224F008332B4 /* ContentView.swift */; };
		EE373F192C7E2251008332B4 /* Assets.xcassets in Resources */ = {isa = PBXBuildFile; fileRef = EE373F182C7E2251008332B4 /* Assets.xcassets */; };
		EE373F1D2C7E2251008332B4 /* Preview Assets.xcassets in Resources */ = {isa = PBXBuildFile; fileRef = EE373F1C2C7E2251008332B4 /* Preview Assets.xcassets */; };
		EE373F272C7E2251008332B4 /* swiftuiTests.swift in Sources */ = {isa = PBXBuildFile; fileRef = EE373F262C7E2251008332B4 /* swiftuiTests.swift */; };
		EE373F312C7E2251008332B4 /* swiftuiUITests.swift in Sources */ = {isa = PBXBuildFile; fileRef = EE373F302C7E2251008332B4 /* swiftuiUITests.swift */; };
		EE373F332C7E2251008332B4 /* swiftuiUITestsLaunchTests.swift in Sources */ = {isa = PBXBuildFile; fileRef = EE373F322C7E2251008332B4 /* swiftuiUITestsLaunchTests.swift */; };
		EE3CAB472C89BC1E00D48067 /* ApiCall.swift in Sources */ = {isa = PBXBuildFile; fileRef = EE3CAB462C89BC1E00D48067 /* ApiCall.swift */; };
		EEC534012C81811D002E96DC /* CharacterReponseViewModel.swift in Sources */ = {isa = PBXBuildFile; fileRef = EEC534002C81811D002E96DC /* CharacterReponseViewModel.swift */; };
		EEC534042C81A127002E96DC /* CharacterReponsePresenter.swift in Sources */ = {isa = PBXBuildFile; fileRef = EEC534032C81A127002E96DC /* CharacterReponsePresenter.swift */; };
		EED3F3072C8841F50042EE2A /* CharacterView.swift in Sources */ = {isa = PBXBuildFile; fileRef = EED3F3062C8841F50042EE2A /* CharacterView.swift */; };
		EEE7619E2C8749610094AD20 /* CharacterRouter.swift in Sources */ = {isa = PBXBuildFile; fileRef = EEE7619D2C8749610094AD20 /* CharacterRouter.swift */; };
		EEE761A02C87497A0094AD20 /* CharacterInteractor.swift in Sources */ = {isa = PBXBuildFile; fileRef = EEE7619F2C87497A0094AD20 /* CharacterInteractor.swift */; };
		EEE761A22C8768440094AD20 /* CharacterResponseViperPresenter.swift in Sources */ = {isa = PBXBuildFile; fileRef = EEE761A12C8768440094AD20 /* CharacterResponseViperPresenter.swift */; };
/* End PBXBuildFile section */

/* Begin PBXContainerItemProxy section */
		EE373F232C7E2251008332B4 /* PBXContainerItemProxy */ = {
			isa = PBXContainerItemProxy;
			containerPortal = EE373F092C7E224F008332B4 /* Project object */;
			proxyType = 1;
			remoteGlobalIDString = EE373F102C7E224F008332B4;
			remoteInfo = swiftui;
		};
		EE373F2D2C7E2251008332B4 /* PBXContainerItemProxy */ = {
			isa = PBXContainerItemProxy;
			containerPortal = EE373F092C7E224F008332B4 /* Project object */;
			proxyType = 1;
			remoteGlobalIDString = EE373F102C7E224F008332B4;
			remoteInfo = swiftui;
		};
/* End PBXContainerItemProxy section */

/* Begin PBXFileReference section */
		EE06DE352C7ED69F00520DB3 /* StringExtension.swift */ = {isa = PBXFileReference; lastKnownFileType = sourcecode.swift; path = StringExtension.swift; sourceTree = "<group>"; };
		EE06DE372C7EDDC400520DB3 /* ViewExtension.swift */ = {isa = PBXFileReference; lastKnownFileType = sourcecode.swift; path = ViewExtension.swift; sourceTree = "<group>"; };
		EE06DE3A2C7EE33600520DB3 /* MultiOrbit.swift */ = {isa = PBXFileReference; lastKnownFileType = sourcecode.swift; path = MultiOrbit.swift; sourceTree = "<group>"; };
		EE06DE3C2C7EE3E800520DB3 /* ClockRotation.swift */ = {isa = PBXFileReference; lastKnownFileType = sourcecode.swift; path = ClockRotation.swift; sourceTree = "<group>"; };
		EE06DE3E2C7EE85D00520DB3 /* Rotation2D.swift */ = {isa = PBXFileReference; lastKnownFileType = sourcecode.swift; path = Rotation2D.swift; sourceTree = "<group>"; };
		EE06DE422C7EEC9700520DB3 /* NetworkingService.swift */ = {isa = PBXFileReference; lastKnownFileType = sourcecode.swift; path = NetworkingService.swift; sourceTree = "<group>"; };
		EE06DE452C7EEF7200520DB3 /* Character.swift */ = {isa = PBXFileReference; lastKnownFileType = sourcecode.swift; path = Character.swift; sourceTree = "<group>"; };
		EE06DE472C7EEFE500520DB3 /* Location.swift */ = {isa = PBXFileReference; lastKnownFileType = sourcecode.swift; path = Location.swift; sourceTree = "<group>"; };
		EE06DE492C7EF00200520DB3 /* Episode.swift */ = {isa = PBXFileReference; lastKnownFileType = sourcecode.swift; path = Episode.swift; sourceTree = "<group>"; };
		EE06DE4C2C7EF0C800520DB3 /* CharacterRow.swift */ = {isa = PBXFileReference; lastKnownFileType = sourcecode.swift; path = CharacterRow.swift; sourceTree = "<group>"; };
		EE06DE4E2C7EF0E500520DB3 /* EpisodeRow.swift */ = {isa = PBXFileReference; lastKnownFileType = sourcecode.swift; path = EpisodeRow.swift; sourceTree = "<group>"; };
		EE06DE502C7EF11700520DB3 /* LocationRow.swift */ = {isa = PBXFileReference; lastKnownFileType = sourcecode.swift; path = LocationRow.swift; sourceTree = "<group>"; };
		EE06DE522C7EF41600520DB3 /* DashBoardView.swift */ = {isa = PBXFileReference; lastKnownFileType = sourcecode.swift; path = DashBoardView.swift; sourceTree = "<group>"; };
		EE06DE542C7EF45600520DB3 /* TabBarView.swift */ = {isa = PBXFileReference; lastKnownFileType = sourcecode.swift; path = TabBarView.swift; sourceTree = "<group>"; };
		EE06DE562C7EF4E200520DB3 /* ListScreen.swift */ = {isa = PBXFileReference; lastKnownFileType = sourcecode.swift; path = ListScreen.swift; sourceTree = "<group>"; };
		EE06DE582C7F01B400520DB3 /* RegisterView.swift */ = {isa = PBXFileReference; lastKnownFileType = sourcecode.swift; path = RegisterView.swift; sourceTree = "<group>"; };
		EE06DE5A2C7F01E800520DB3 /* ForgotPasswordView.swift */ = {isa = PBXFileReference; lastKnownFileType = sourcecode.swift; path = ForgotPasswordView.swift; sourceTree = "<group>"; };
		EE06DE5C2C7F021E00520DB3 /* OTPView.swift */ = {isa = PBXFileReference; lastKnownFileType = sourcecode.swift; path = OTPView.swift; sourceTree = "<group>"; };
		EE0AA8652C7E3A3E0083EA38 /* LoginView.swift */ = {isa = PBXFileReference; lastKnownFileType = sourcecode.swift; path = LoginView.swift; sourceTree = "<group>"; };
		EE0AA8672C7E3C4E0083EA38 /* SplashView.swift */ = {isa = PBXFileReference; lastKnownFileType = sourcecode.swift; path = SplashView.swift; sourceTree = "<group>"; };
		EE0AA8692C7E3C870083EA38 /* NavigationStackView.swift */ = {isa = PBXFileReference; lastKnownFileType = sourcecode.swift; path = NavigationStackView.swift; sourceTree = "<group>"; };
		EE0E6B802C8031B500D1AAA1 /* CustomNavigationBar.swift */ = {isa = PBXFileReference; lastKnownFileType = sourcecode.swift; path = CustomNavigationBar.swift; sourceTree = "<group>"; };
		EE0E6B842C8053AF00D1AAA1 /* LoginViewModel.swift */ = {isa = PBXFileReference; lastKnownFileType = sourcecode.swift; path = LoginViewModel.swift; sourceTree = "<group>"; };
		EE0E6B862C8053C400D1AAA1 /* RegistrationViewModel.swift */ = {isa = PBXFileReference; lastKnownFileType = sourcecode.swift; path = RegistrationViewModel.swift; sourceTree = "<group>"; };
		EE0E6B892C8053EE00D1AAA1 /* ForgotPasswordViewModel.swift */ = {isa = PBXFileReference; lastKnownFileType = sourcecode.swift; path = ForgotPasswordViewModel.swift; sourceTree = "<group>"; };
		EE373F112C7E224F008332B4 /* swiftui.app */ = {isa = PBXFileReference; explicitFileType = wrapper.application; includeInIndex = 0; path = swiftui.app; sourceTree = BUILT_PRODUCTS_DIR; };
		EE373F142C7E224F008332B4 /* swiftuiApp.swift */ = {isa = PBXFileReference; lastKnownFileType = sourcecode.swift; path = swiftuiApp.swift; sourceTree = "<group>"; };
		EE373F162C7E224F008332B4 /* ContentView.swift */ = {isa = PBXFileReference; lastKnownFileType = sourcecode.swift; path = ContentView.swift; sourceTree = "<group>"; };
		EE373F182C7E2251008332B4 /* Assets.xcassets */ = {isa = PBXFileReference; lastKnownFileType = folder.assetcatalog; path = Assets.xcassets; sourceTree = "<group>"; };
		EE373F1A2C7E2251008332B4 /* swiftui.entitlements */ = {isa = PBXFileReference; lastKnownFileType = text.plist.entitlements; path = swiftui.entitlements; sourceTree = "<group>"; };
		EE373F1C2C7E2251008332B4 /* Preview Assets.xcassets */ = {isa = PBXFileReference; lastKnownFileType = folder.assetcatalog; path = "Preview Assets.xcassets"; sourceTree = "<group>"; };
		EE373F222C7E2251008332B4 /* swiftuiTests.xctest */ = {isa = PBXFileReference; explicitFileType = wrapper.cfbundle; includeInIndex = 0; path = swiftuiTests.xctest; sourceTree = BUILT_PRODUCTS_DIR; };
		EE373F262C7E2251008332B4 /* swiftuiTests.swift */ = {isa = PBXFileReference; lastKnownFileType = sourcecode.swift; path = swiftuiTests.swift; sourceTree = "<group>"; };
		EE373F2C2C7E2251008332B4 /* swiftuiUITests.xctest */ = {isa = PBXFileReference; explicitFileType = wrapper.cfbundle; includeInIndex = 0; path = swiftuiUITests.xctest; sourceTree = BUILT_PRODUCTS_DIR; };
		EE373F302C7E2251008332B4 /* swiftuiUITests.swift */ = {isa = PBXFileReference; lastKnownFileType = sourcecode.swift; path = swiftuiUITests.swift; sourceTree = "<group>"; };
		EE373F322C7E2251008332B4 /* swiftuiUITestsLaunchTests.swift */ = {isa = PBXFileReference; lastKnownFileType = sourcecode.swift; path = swiftuiUITestsLaunchTests.swift; sourceTree = "<group>"; };
		EE3CAB462C89BC1E00D48067 /* ApiCall.swift */ = {isa = PBXFileReference; lastKnownFileType = sourcecode.swift; path = ApiCall.swift; sourceTree = "<group>"; };
		EEC534002C81811D002E96DC /* CharacterReponseViewModel.swift */ = {isa = PBXFileReference; lastKnownFileType = sourcecode.swift; path = CharacterReponseViewModel.swift; sourceTree = "<group>"; };
		EEC534032C81A127002E96DC /* CharacterReponsePresenter.swift */ = {isa = PBXFileReference; lastKnownFileType = sourcecode.swift; path = CharacterReponsePresenter.swift; sourceTree = "<group>"; };
		EED3F3062C8841F50042EE2A /* CharacterView.swift */ = {isa = PBXFileReference; lastKnownFileType = sourcecode.swift; path = CharacterView.swift; sourceTree = "<group>"; };
		EEE7619D2C8749610094AD20 /* CharacterRouter.swift */ = {isa = PBXFileReference; lastKnownFileType = sourcecode.swift; path = CharacterRouter.swift; sourceTree = "<group>"; };
		EEE7619F2C87497A0094AD20 /* CharacterInteractor.swift */ = {isa = PBXFileReference; lastKnownFileType = sourcecode.swift; path = CharacterInteractor.swift; sourceTree = "<group>"; };
		EEE761A12C8768440094AD20 /* CharacterResponseViperPresenter.swift */ = {isa = PBXFileReference; lastKnownFileType = sourcecode.swift; path = CharacterResponseViperPresenter.swift; sourceTree = "<group>"; };
/* End PBXFileReference section */

/* Begin PBXFrameworksBuildPhase section */
		EE373F0E2C7E224F008332B4 /* Frameworks */ = {
			isa = PBXFrameworksBuildPhase;
			buildActionMask = 2147483647;
			files = (
			);
			runOnlyForDeploymentPostprocessing = 0;
		};
		EE373F1F2C7E2251008332B4 /* Frameworks */ = {
			isa = PBXFrameworksBuildPhase;
			buildActionMask = 2147483647;
			files = (
			);
			runOnlyForDeploymentPostprocessing = 0;
		};
		EE373F292C7E2251008332B4 /* Frameworks */ = {
			isa = PBXFrameworksBuildPhase;
			buildActionMask = 2147483647;
			files = (
			);
			runOnlyForDeploymentPostprocessing = 0;
		};
/* End PBXFrameworksBuildPhase section */

/* Begin PBXGroup section */
		EE06DE342C7ED67900520DB3 /* extension */ = {
			isa = PBXGroup;
			children = (
				EE06DE352C7ED69F00520DB3 /* StringExtension.swift */,
				EE06DE372C7EDDC400520DB3 /* ViewExtension.swift */,
			);
			path = extension;
			sourceTree = "<group>";
		};
		EE06DE392C7EE32300520DB3 /* animation */ = {
			isa = PBXGroup;
			children = (
				EE06DE3A2C7EE33600520DB3 /* MultiOrbit.swift */,
				EE06DE3C2C7EE3E800520DB3 /* ClockRotation.swift */,
				EE06DE3E2C7EE85D00520DB3 /* Rotation2D.swift */,
			);
			path = animation;
			sourceTree = "<group>";
		};
		EE06DE402C7EEBF900520DB3 /* services */ = {
			isa = PBXGroup;
			children = (
				EE06DE412C7EEC0600520DB3 /* Combine */,
			);
			path = services;
			sourceTree = "<group>";
		};
		EE06DE412C7EEC0600520DB3 /* Combine */ = {
			isa = PBXGroup;
			children = (
				EE06DE422C7EEC9700520DB3 /* NetworkingService.swift */,
				EE3CAB462C89BC1E00D48067 /* ApiCall.swift */,
			);
			path = Combine;
			sourceTree = "<group>";
		};
		EE06DE442C7EEF4500520DB3 /* model */ = {
			isa = PBXGroup;
			children = (
				EE06DE452C7EEF7200520DB3 /* Character.swift */,
				EE06DE472C7EEFE500520DB3 /* Location.swift */,
				EE06DE492C7EF00200520DB3 /* Episode.swift */,
			);
			path = model;
			sourceTree = "<group>";
		};
		EE06DE4B2C7EF0AF00520DB3 /* row */ = {
			isa = PBXGroup;
			children = (
				EE06DE4C2C7EF0C800520DB3 /* CharacterRow.swift */,
				EE06DE4E2C7EF0E500520DB3 /* EpisodeRow.swift */,
				EE06DE502C7EF11700520DB3 /* LocationRow.swift */,
			);
			path = row;
			sourceTree = "<group>";
		};
		EE0E6B822C804F6700D1AAA1 /* view */ = {
			isa = PBXGroup;
			children = (
				EE373F142C7E224F008332B4 /* swiftuiApp.swift */,
				EE0E6B802C8031B500D1AAA1 /* CustomNavigationBar.swift */,
				EE0AA8672C7E3C4E0083EA38 /* SplashView.swift */,
				EE0AA8692C7E3C870083EA38 /* NavigationStackView.swift */,
				EE373F162C7E224F008332B4 /* ContentView.swift */,
				EE0AA8652C7E3A3E0083EA38 /* LoginView.swift */,
				EE06DE582C7F01B400520DB3 /* RegisterView.swift */,
				EE06DE5A2C7F01E800520DB3 /* ForgotPasswordView.swift */,
				EE06DE5C2C7F021E00520DB3 /* OTPView.swift */,
				EE06DE522C7EF41600520DB3 /* DashBoardView.swift */,
				EE06DE542C7EF45600520DB3 /* TabBarView.swift */,
				EE06DE562C7EF4E200520DB3 /* ListScreen.swift */,
			);
			path = view;
			sourceTree = "<group>";
		};
		EE0E6B832C804F7E00D1AAA1 /* viewModel */ = {
			isa = PBXGroup;
			children = (
				EE0E6B842C8053AF00D1AAA1 /* LoginViewModel.swift */,
				EE0E6B862C8053C400D1AAA1 /* RegistrationViewModel.swift */,
				EE0E6B892C8053EE00D1AAA1 /* ForgotPasswordViewModel.swift */,
				EEC534002C81811D002E96DC /* CharacterReponseViewModel.swift */,
			);
			path = viewModel;
			sourceTree = "<group>";
		};
		EE373F082C7E224F008332B4 = {
			isa = PBXGroup;
			children = (
				EE373F132C7E224F008332B4 /* swiftui */,
				EE373F252C7E2251008332B4 /* swiftuiTests */,
				EE373F2F2C7E2251008332B4 /* swiftuiUITests */,
				EE373F122C7E224F008332B4 /* Products */,
			);
			sourceTree = "<group>";
		};
		EE373F122C7E224F008332B4 /* Products */ = {
			isa = PBXGroup;
			children = (
				EE373F112C7E224F008332B4 /* swiftui.app */,
				EE373F222C7E2251008332B4 /* swiftuiTests.xctest */,
				EE373F2C2C7E2251008332B4 /* swiftuiUITests.xctest */,
			);
			name = Products;
			sourceTree = "<group>";
		};
		EE373F132C7E224F008332B4 /* swiftui */ = {
			isa = PBXGroup;
			children = (
				EED3F3052C88387C0042EE2A /* ViperView */,
				EEE7619C2C87487C0094AD20 /* Router */,
				EEE7619B2C8748530094AD20 /* Interactor */,
				EEC534022C81A103002E96DC /* presenter */,
				EE0E6B832C804F7E00D1AAA1 /* viewModel */,
				EE0E6B822C804F6700D1AAA1 /* view */,
				EE06DE4B2C7EF0AF00520DB3 /* row */,
				EE06DE442C7EEF4500520DB3 /* model */,
				EE06DE402C7EEBF900520DB3 /* services */,
				EE06DE392C7EE32300520DB3 /* animation */,
				EE06DE342C7ED67900520DB3 /* extension */,
				EE373F182C7E2251008332B4 /* Assets.xcassets */,
				EE373F1A2C7E2251008332B4 /* swiftui.entitlements */,
				EE373F1B2C7E2251008332B4 /* Preview Content */,
			);
			path = swiftui;
			sourceTree = "<group>";
		};
		EE373F1B2C7E2251008332B4 /* Preview Content */ = {
			isa = PBXGroup;
			children = (
				EE373F1C2C7E2251008332B4 /* Preview Assets.xcassets */,
			);
			path = "Preview Content";
			sourceTree = "<group>";
		};
		EE373F252C7E2251008332B4 /* swiftuiTests */ = {
			isa = PBXGroup;
			children = (
				EE373F262C7E2251008332B4 /* swiftuiTests.swift */,
			);
			path = swiftuiTests;
			sourceTree = "<group>";
		};
		EE373F2F2C7E2251008332B4 /* swiftuiUITests */ = {
			isa = PBXGroup;
			children = (
				EE373F302C7E2251008332B4 /* swiftuiUITests.swift */,
				EE373F322C7E2251008332B4 /* swiftuiUITestsLaunchTests.swift */,
			);
			path = swiftuiUITests;
			sourceTree = "<group>";
		};
		EEC534022C81A103002E96DC /* presenter */ = {
			isa = PBXGroup;
			children = (
				EEC534032C81A127002E96DC /* CharacterReponsePresenter.swift */,
				EEE761A12C8768440094AD20 /* CharacterResponseViperPresenter.swift */,
			);
			path = presenter;
			sourceTree = "<group>";
		};
		EED3F3052C88387C0042EE2A /* ViperView */ = {
			isa = PBXGroup;
			children = (
				EED3F3062C8841F50042EE2A /* CharacterView.swift */,
			);
			path = ViperView;
			sourceTree = "<group>";
		};
		EEE7619B2C8748530094AD20 /* Interactor */ = {
			isa = PBXGroup;
			children = (
				EEE7619F2C87497A0094AD20 /* CharacterInteractor.swift */,
			);
			path = Interactor;
			sourceTree = "<group>";
		};
		EEE7619C2C87487C0094AD20 /* Router */ = {
			isa = PBXGroup;
			children = (
				EEE7619D2C8749610094AD20 /* CharacterRouter.swift */,
			);
			path = Router;
			sourceTree = "<group>";
		};
/* End PBXGroup section */

/* Begin PBXNativeTarget section */
		EE373F102C7E224F008332B4 /* swiftui */ = {
			isa = PBXNativeTarget;
			buildConfigurationList = EE373F362C7E2251008332B4 /* Build configuration list for PBXNativeTarget "swiftui" */;
			buildPhases = (
				EE373F0D2C7E224F008332B4 /* Sources */,
				EE373F0E2C7E224F008332B4 /* Frameworks */,
				EE373F0F2C7E224F008332B4 /* Resources */,
			);
			buildRules = (
			);
			dependencies = (
			);
			name = swiftui;
			productName = swiftui;
			productReference = EE373F112C7E224F008332B4 /* swiftui.app */;
			productType = "com.apple.product-type.application";
		};
		EE373F212C7E2251008332B4 /* swiftuiTests */ = {
			isa = PBXNativeTarget;
			buildConfigurationList = EE373F392C7E2251008332B4 /* Build configuration list for PBXNativeTarget "swiftuiTests" */;
			buildPhases = (
				EE373F1E2C7E2251008332B4 /* Sources */,
				EE373F1F2C7E2251008332B4 /* Frameworks */,
				EE373F202C7E2251008332B4 /* Resources */,
			);
			buildRules = (
			);
			dependencies = (
				EE373F242C7E2251008332B4 /* PBXTargetDependency */,
			);
			name = swiftuiTests;
			productName = swiftuiTests;
			productReference = EE373F222C7E2251008332B4 /* swiftuiTests.xctest */;
			productType = "com.apple.product-type.bundle.unit-test";
		};
		EE373F2B2C7E2251008332B4 /* swiftuiUITests */ = {
			isa = PBXNativeTarget;
			buildConfigurationList = EE373F3C2C7E2251008332B4 /* Build configuration list for PBXNativeTarget "swiftuiUITests" */;
			buildPhases = (
				EE373F282C7E2251008332B4 /* Sources */,
				EE373F292C7E2251008332B4 /* Frameworks */,
				EE373F2A2C7E2251008332B4 /* Resources */,
			);
			buildRules = (
			);
			dependencies = (
				EE373F2E2C7E2251008332B4 /* PBXTargetDependency */,
			);
			name = swiftuiUITests;
			productName = swiftuiUITests;
			productReference = EE373F2C2C7E2251008332B4 /* swiftuiUITests.xctest */;
			productType = "com.apple.product-type.bundle.ui-testing";
		};
/* End PBXNativeTarget section */

/* Begin PBXProject section */
		EE373F092C7E224F008332B4 /* Project object */ = {
			isa = PBXProject;
			attributes = {
				BuildIndependentTargetsInParallel = 1;
				LastSwiftUpdateCheck = 1540;
				LastUpgradeCheck = 1540;
				TargetAttributes = {
					EE373F102C7E224F008332B4 = {
						CreatedOnToolsVersion = 15.4;
					};
					EE373F212C7E2251008332B4 = {
						CreatedOnToolsVersion = 15.4;
						TestTargetID = EE373F102C7E224F008332B4;
					};
					EE373F2B2C7E2251008332B4 = {
						CreatedOnToolsVersion = 15.4;
						TestTargetID = EE373F102C7E224F008332B4;
					};
				};
			};
			buildConfigurationList = EE373F0C2C7E224F008332B4 /* Build configuration list for PBXProject "swiftui" */;
			compatibilityVersion = "Xcode 14.0";
			developmentRegion = en;
			hasScannedForEncodings = 0;
			knownRegions = (
				en,
				Base,
			);
			mainGroup = EE373F082C7E224F008332B4;
			productRefGroup = EE373F122C7E224F008332B4 /* Products */;
			projectDirPath = "";
			projectRoot = "";
			targets = (
				EE373F102C7E224F008332B4 /* swiftui */,
				EE373F212C7E2251008332B4 /* swiftuiTests */,
				EE373F2B2C7E2251008332B4 /* swiftuiUITests */,
			);
		};
/* End PBXProject section */

/* Begin PBXResourcesBuildPhase section */
		EE373F0F2C7E224F008332B4 /* Resources */ = {
			isa = PBXResourcesBuildPhase;
			buildActionMask = 2147483647;
			files = (
				EE373F1D2C7E2251008332B4 /* Preview Assets.xcassets in Resources */,
				EE373F192C7E2251008332B4 /* Assets.xcassets in Resources */,
			);
			runOnlyForDeploymentPostprocessing = 0;
		};
		EE373F202C7E2251008332B4 /* Resources */ = {
			isa = PBXResourcesBuildPhase;
			buildActionMask = 2147483647;
			files = (
			);
			runOnlyForDeploymentPostprocessing = 0;
		};
		EE373F2A2C7E2251008332B4 /* Resources */ = {
			isa = PBXResourcesBuildPhase;
			buildActionMask = 2147483647;
			files = (
			);
			runOnlyForDeploymentPostprocessing = 0;
		};
/* End PBXResourcesBuildPhase section */

/* Begin PBXSourcesBuildPhase section */
		EE373F0D2C7E224F008332B4 /* Sources */ = {
			isa = PBXSourcesBuildPhase;
			buildActionMask = 2147483647;
			files = (
				EE06DE3D2C7EE3E800520DB3 /* ClockRotation.swift in Sources */,
				EE0AA8662C7E3A3E0083EA38 /* LoginView.swift in Sources */,
				EE06DE5D2C7F021E00520DB3 /* OTPView.swift in Sources */,
				EE0AA8682C7E3C4E0083EA38 /* SplashView.swift in Sources */,
				EEE7619E2C8749610094AD20 /* CharacterRouter.swift in Sources */,
				EE06DE592C7F01B400520DB3 /* RegisterView.swift in Sources */,
				EE06DE462C7EEF7200520DB3 /* Character.swift in Sources */,
				EEE761A02C87497A0094AD20 /* CharacterInteractor.swift in Sources */,
				EE06DE362C7ED69F00520DB3 /* StringExtension.swift in Sources */,
				EE06DE382C7EDDC400520DB3 /* ViewExtension.swift in Sources */,
				EE06DE552C7EF45600520DB3 /* TabBarView.swift in Sources */,
				EE06DE482C7EEFE500520DB3 /* Location.swift in Sources */,
				EE06DE3F2C7EE85D00520DB3 /* Rotation2D.swift in Sources */,
				EEC534042C81A127002E96DC /* CharacterReponsePresenter.swift in Sources */,
				EE373F172C7E224F008332B4 /* ContentView.swift in Sources */,
				EED3F3072C8841F50042EE2A /* CharacterView.swift in Sources */,
				EE0E6B812C8031B500D1AAA1 /* CustomNavigationBar.swift in Sources */,
				EE0E6B852C8053AF00D1AAA1 /* LoginViewModel.swift in Sources */,
				EE06DE4A2C7EF00200520DB3 /* Episode.swift in Sources */,
				EEC534012C81811D002E96DC /* CharacterReponseViewModel.swift in Sources */,
				EE0E6B8A2C8053EE00D1AAA1 /* ForgotPasswordViewModel.swift in Sources */,
				EE06DE5B2C7F01E800520DB3 /* ForgotPasswordView.swift in Sources */,
				EE3CAB472C89BC1E00D48067 /* ApiCall.swift in Sources */,
				EE0E6B872C8053C400D1AAA1 /* RegistrationViewModel.swift in Sources */,
				EE06DE4D2C7EF0C800520DB3 /* CharacterRow.swift in Sources */,
				EE0AA86A2C7E3C870083EA38 /* NavigationStackView.swift in Sources */,
				EE06DE4F2C7EF0E500520DB3 /* EpisodeRow.swift in Sources */,
				EE06DE432C7EEC9700520DB3 /* NetworkingService.swift in Sources */,
				EEE761A22C8768440094AD20 /* CharacterResponseViperPresenter.swift in Sources */,
				EE06DE572C7EF4E200520DB3 /* ListScreen.swift in Sources */,
				EE06DE512C7EF11700520DB3 /* LocationRow.swift in Sources */,
				EE06DE532C7EF41600520DB3 /* DashBoardView.swift in Sources */,
				EE06DE3B2C7EE33600520DB3 /* MultiOrbit.swift in Sources */,
				EE373F152C7E224F008332B4 /* swiftuiApp.swift in Sources */,
			);
			runOnlyForDeploymentPostprocessing = 0;
		};
		EE373F1E2C7E2251008332B4 /* Sources */ = {
			isa = PBXSourcesBuildPhase;
			buildActionMask = 2147483647;
			files = (
				EE373F272C7E2251008332B4 /* swiftuiTests.swift in Sources */,
			);
			runOnlyForDeploymentPostprocessing = 0;
		};
		EE373F282C7E2251008332B4 /* Sources */ = {
			isa = PBXSourcesBuildPhase;
			buildActionMask = 2147483647;
			files = (
				EE373F332C7E2251008332B4 /* swiftuiUITestsLaunchTests.swift in Sources */,
				EE373F312C7E2251008332B4 /* swiftuiUITests.swift in Sources */,
			);
			runOnlyForDeploymentPostprocessing = 0;
		};
/* End PBXSourcesBuildPhase section */

/* Begin PBXTargetDependency section */
		EE373F242C7E2251008332B4 /* PBXTargetDependency */ = {
			isa = PBXTargetDependency;
			target = EE373F102C7E224F008332B4 /* swiftui */;
			targetProxy = EE373F232C7E2251008332B4 /* PBXContainerItemProxy */;
		};
		EE373F2E2C7E2251008332B4 /* PBXTargetDependency */ = {
			isa = PBXTargetDependency;
			target = EE373F102C7E224F008332B4 /* swiftui */;
			targetProxy = EE373F2D2C7E2251008332B4 /* PBXContainerItemProxy */;
		};
/* End PBXTargetDependency section */

/* Begin XCBuildConfiguration section */
		EE373F342C7E2251008332B4 /* Debug */ = {
			isa = XCBuildConfiguration;
			buildSettings = {
				ALWAYS_SEARCH_USER_PATHS = NO;
				ASSETCATALOG_COMPILER_GENERATE_SWIFT_ASSET_SYMBOL_EXTENSIONS = YES;
				CLANG_ANALYZER_NONNULL = YES;
				CLANG_ANALYZER_NUMBER_OBJECT_CONVERSION = YES_AGGRESSIVE;
				CLANG_CXX_LANGUAGE_STANDARD = "gnu++20";
				CLANG_ENABLE_MODULES = YES;
				CLANG_ENABLE_OBJC_ARC = YES;
				CLANG_ENABLE_OBJC_WEAK = YES;
				CLANG_WARN_BLOCK_CAPTURE_AUTORELEASING = YES;
				CLANG_WARN_BOOL_CONVERSION = YES;
				CLANG_WARN_COMMA = YES;
				CLANG_WARN_CONSTANT_CONVERSION = YES;
				CLANG_WARN_DEPRECATED_OBJC_IMPLEMENTATIONS = YES;
				CLANG_WARN_DIRECT_OBJC_ISA_USAGE = YES_ERROR;
				CLANG_WARN_DOCUMENTATION_COMMENTS = YES;
				CLANG_WARN_EMPTY_BODY = YES;
				CLANG_WARN_ENUM_CONVERSION = YES;
				CLANG_WARN_INFINITE_RECURSION = YES;
				CLANG_WARN_INT_CONVERSION = YES;
				CLANG_WARN_NON_LITERAL_NULL_CONVERSION = YES;
				CLANG_WARN_OBJC_IMPLICIT_RETAIN_SELF = YES;
				CLANG_WARN_OBJC_LITERAL_CONVERSION = YES;
				CLANG_WARN_OBJC_ROOT_CLASS = YES_ERROR;
				CLANG_WARN_QUOTED_INCLUDE_IN_FRAMEWORK_HEADER = YES;
				CLANG_WARN_RANGE_LOOP_ANALYSIS = YES;
				CLANG_WARN_STRICT_PROTOTYPES = YES;
				CLANG_WARN_SUSPICIOUS_MOVE = YES;
				CLANG_WARN_UNGUARDED_AVAILABILITY = YES_AGGRESSIVE;
				CLANG_WARN_UNREACHABLE_CODE = YES;
				CLANG_WARN__DUPLICATE_METHOD_MATCH = YES;
				COPY_PHASE_STRIP = NO;
				DEBUG_INFORMATION_FORMAT = dwarf;
				ENABLE_STRICT_OBJC_MSGSEND = YES;
				ENABLE_TESTABILITY = YES;
				ENABLE_USER_SCRIPT_SANDBOXING = YES;
				GCC_C_LANGUAGE_STANDARD = gnu17;
				GCC_DYNAMIC_NO_PIC = NO;
				GCC_NO_COMMON_BLOCKS = YES;
				GCC_OPTIMIZATION_LEVEL = 0;
				GCC_PREPROCESSOR_DEFINITIONS = (
					"DEBUG=1",
					"$(inherited)",
				);
				GCC_WARN_64_TO_32_BIT_CONVERSION = YES;
				GCC_WARN_ABOUT_RETURN_TYPE = YES_ERROR;
				GCC_WARN_UNDECLARED_SELECTOR = YES;
				GCC_WARN_UNINITIALIZED_AUTOS = YES_AGGRESSIVE;
				GCC_WARN_UNUSED_FUNCTION = YES;
				GCC_WARN_UNUSED_VARIABLE = YES;
				LOCALIZATION_PREFERS_STRING_CATALOGS = YES;
				MTL_ENABLE_DEBUG_INFO = INCLUDE_SOURCE;
				MTL_FAST_MATH = YES;
				ONLY_ACTIVE_ARCH = YES;
				SWIFT_ACTIVE_COMPILATION_CONDITIONS = "DEBUG $(inherited)";
				SWIFT_OPTIMIZATION_LEVEL = "-Onone";
			};
			name = Debug;
		};
		EE373F352C7E2251008332B4 /* Release */ = {
			isa = XCBuildConfiguration;
			buildSettings = {
				ALWAYS_SEARCH_USER_PATHS = NO;
				ASSETCATALOG_COMPILER_GENERATE_SWIFT_ASSET_SYMBOL_EXTENSIONS = YES;
				CLANG_ANALYZER_NONNULL = YES;
				CLANG_ANALYZER_NUMBER_OBJECT_CONVERSION = YES_AGGRESSIVE;
				CLANG_CXX_LANGUAGE_STANDARD = "gnu++20";
				CLANG_ENABLE_MODULES = YES;
				CLANG_ENABLE_OBJC_ARC = YES;
				CLANG_ENABLE_OBJC_WEAK = YES;
				CLANG_WARN_BLOCK_CAPTURE_AUTORELEASING = YES;
				CLANG_WARN_BOOL_CONVERSION = YES;
				CLANG_WARN_COMMA = YES;
				CLANG_WARN_CONSTANT_CONVERSION = YES;
				CLANG_WARN_DEPRECATED_OBJC_IMPLEMENTATIONS = YES;
				CLANG_WARN_DIRECT_OBJC_ISA_USAGE = YES_ERROR;
				CLANG_WARN_DOCUMENTATION_COMMENTS = YES;
				CLANG_WARN_EMPTY_BODY = YES;
				CLANG_WARN_ENUM_CONVERSION = YES;
				CLANG_WARN_INFINITE_RECURSION = YES;
				CLANG_WARN_INT_CONVERSION = YES;
				CLANG_WARN_NON_LITERAL_NULL_CONVERSION = YES;
				CLANG_WARN_OBJC_IMPLICIT_RETAIN_SELF = YES;
				CLANG_WARN_OBJC_LITERAL_CONVERSION = YES;
				CLANG_WARN_OBJC_ROOT_CLASS = YES_ERROR;
				CLANG_WARN_QUOTED_INCLUDE_IN_FRAMEWORK_HEADER = YES;
				CLANG_WARN_RANGE_LOOP_ANALYSIS = YES;
				CLANG_WARN_STRICT_PROTOTYPES = YES;
				CLANG_WARN_SUSPICIOUS_MOVE = YES;
				CLANG_WARN_UNGUARDED_AVAILABILITY = YES_AGGRESSIVE;
				CLANG_WARN_UNREACHABLE_CODE = YES;
				CLANG_WARN__DUPLICATE_METHOD_MATCH = YES;
				COPY_PHASE_STRIP = NO;
				DEBUG_INFORMATION_FORMAT = "dwarf-with-dsym";
				ENABLE_NS_ASSERTIONS = NO;
				ENABLE_STRICT_OBJC_MSGSEND = YES;
				ENABLE_USER_SCRIPT_SANDBOXING = YES;
				GCC_C_LANGUAGE_STANDARD = gnu17;
				GCC_NO_COMMON_BLOCKS = YES;
				GCC_WARN_64_TO_32_BIT_CONVERSION = YES;
				GCC_WARN_ABOUT_RETURN_TYPE = YES_ERROR;
				GCC_WARN_UNDECLARED_SELECTOR = YES;
				GCC_WARN_UNINITIALIZED_AUTOS = YES_AGGRESSIVE;
				GCC_WARN_UNUSED_FUNCTION = YES;
				GCC_WARN_UNUSED_VARIABLE = YES;
				LOCALIZATION_PREFERS_STRING_CATALOGS = YES;
				MTL_ENABLE_DEBUG_INFO = NO;
				MTL_FAST_MATH = YES;
				SWIFT_COMPILATION_MODE = wholemodule;
			};
			name = Release;
		};
		EE373F372C7E2251008332B4 /* Debug */ = {
			isa = XCBuildConfiguration;
			buildSettings = {
				ASSETCATALOG_COMPILER_APPICON_NAME = AppIcon;
				ASSETCATALOG_COMPILER_GLOBAL_ACCENT_COLOR_NAME = AccentColor;
				CODE_SIGN_ENTITLEMENTS = swiftui/swiftui.entitlements;
				CODE_SIGN_STYLE = Automatic;
				CURRENT_PROJECT_VERSION = 1;
				DEVELOPMENT_ASSET_PATHS = "\"swiftui/Preview Content\"";
				DEVELOPMENT_TEAM = ZWWU9W7AL4;
				ENABLE_PREVIEWS = YES;
				GENERATE_INFOPLIST_FILE = YES;
				"INFOPLIST_KEY_UIApplicationSceneManifest_Generation[sdk=iphoneos*]" = YES;
				"INFOPLIST_KEY_UIApplicationSceneManifest_Generation[sdk=iphonesimulator*]" = YES;
				"INFOPLIST_KEY_UIApplicationSupportsIndirectInputEvents[sdk=iphoneos*]" = YES;
				"INFOPLIST_KEY_UIApplicationSupportsIndirectInputEvents[sdk=iphonesimulator*]" = YES;
				"INFOPLIST_KEY_UILaunchScreen_Generation[sdk=iphoneos*]" = YES;
				"INFOPLIST_KEY_UILaunchScreen_Generation[sdk=iphonesimulator*]" = YES;
				"INFOPLIST_KEY_UIStatusBarStyle[sdk=iphoneos*]" = UIStatusBarStyleDefault;
				"INFOPLIST_KEY_UIStatusBarStyle[sdk=iphonesimulator*]" = UIStatusBarStyleDefault;
				INFOPLIST_KEY_UISupportedInterfaceOrientations_iPad = "UIInterfaceOrientationPortrait UIInterfaceOrientationPortraitUpsideDown UIInterfaceOrientationLandscapeLeft UIInterfaceOrientationLandscapeRight";
				INFOPLIST_KEY_UISupportedInterfaceOrientations_iPhone = "UIInterfaceOrientationPortrait UIInterfaceOrientationLandscapeLeft UIInterfaceOrientationLandscapeRight";
				IPHONEOS_DEPLOYMENT_TARGET = 17.0;
				LD_RUNPATH_SEARCH_PATHS = "@executable_path/Frameworks";
				"LD_RUNPATH_SEARCH_PATHS[sdk=macosx*]" = "@executable_path/../Frameworks";
				MACOSX_DEPLOYMENT_TARGET = 14.5;
				MARKETING_VERSION = 1.0;
				PRODUCT_BUNDLE_IDENTIFIER = uk.co.ulverscroft.ulibrary;
				"PRODUCT_BUNDLE_IDENTIFIER[sdk=iphoneos*]" = uk.co.ulverscroft.ulibrary;
				PRODUCT_NAME = "$(TARGET_NAME)";
				SDKROOT = auto;
				SUPPORTED_PLATFORMS = "iphoneos iphonesimulator macosx";
				SWIFT_EMIT_LOC_STRINGS = YES;
				SWIFT_VERSION = 5.0;
				TARGETED_DEVICE_FAMILY = "1,2";
			};
			name = Debug;
		};
		EE373F382C7E2251008332B4 /* Release */ = {
			isa = XCBuildConfiguration;
			buildSettings = {
				ASSETCATALOG_COMPILER_APPICON_NAME = AppIcon;
				ASSETCATALOG_COMPILER_GLOBAL_ACCENT_COLOR_NAME = AccentColor;
				CODE_SIGN_ENTITLEMENTS = swiftui/swiftui.entitlements;
				CODE_SIGN_STYLE = Automatic;
				CURRENT_PROJECT_VERSION = 1;
				DEVELOPMENT_ASSET_PATHS = "\"swiftui/Preview Content\"";
				DEVELOPMENT_TEAM = ZWWU9W7AL4;
				ENABLE_PREVIEWS = YES;
				GENERATE_INFOPLIST_FILE = YES;
				"INFOPLIST_KEY_UIApplicationSceneManifest_Generation[sdk=iphoneos*]" = YES;
				"INFOPLIST_KEY_UIApplicationSceneManifest_Generation[sdk=iphonesimulator*]" = YES;
				"INFOPLIST_KEY_UIApplicationSupportsIndirectInputEvents[sdk=iphoneos*]" = YES;
				"INFOPLIST_KEY_UIApplicationSupportsIndirectInputEvents[sdk=iphonesimulator*]" = YES;
				"INFOPLIST_KEY_UILaunchScreen_Generation[sdk=iphoneos*]" = YES;
				"INFOPLIST_KEY_UILaunchScreen_Generation[sdk=iphonesimulator*]" = YES;
				"INFOPLIST_KEY_UIStatusBarStyle[sdk=iphoneos*]" = UIStatusBarStyleDefault;
				"INFOPLIST_KEY_UIStatusBarStyle[sdk=iphonesimulator*]" = UIStatusBarStyleDefault;
				INFOPLIST_KEY_UISupportedInterfaceOrientations_iPad = "UIInterfaceOrientationPortrait UIInterfaceOrientationPortraitUpsideDown UIInterfaceOrientationLandscapeLeft UIInterfaceOrientationLandscapeRight";
				INFOPLIST_KEY_UISupportedInterfaceOrientations_iPhone = "UIInterfaceOrientationPortrait UIInterfaceOrientationLandscapeLeft UIInterfaceOrientationLandscapeRight";
				IPHONEOS_DEPLOYMENT_TARGET = 17.0;
				LD_RUNPATH_SEARCH_PATHS = "@executable_path/Frameworks";
				"LD_RUNPATH_SEARCH_PATHS[sdk=macosx*]" = "@executable_path/../Frameworks";
				MACOSX_DEPLOYMENT_TARGET = 14.5;
				MARKETING_VERSION = 1.0;
				PRODUCT_BUNDLE_IDENTIFIER = uk.co.ulverscroft.ulibrary;
				"PRODUCT_BUNDLE_IDENTIFIER[sdk=iphoneos*]" = uk.co.ulverscroft.ulibrary;
				PRODUCT_NAME = "$(TARGET_NAME)";
				SDKROOT = auto;
				SUPPORTED_PLATFORMS = "iphoneos iphonesimulator macosx";
				SWIFT_EMIT_LOC_STRINGS = YES;
				SWIFT_VERSION = 5.0;
				TARGETED_DEVICE_FAMILY = "1,2";
			};
			name = Release;
		};
		EE373F3A2C7E2251008332B4 /* Debug */ = {
			isa = XCBuildConfiguration;
			buildSettings = {
				ALWAYS_EMBED_SWIFT_STANDARD_LIBRARIES = YES;
				BUNDLE_LOADER = "$(TEST_HOST)";
				CODE_SIGN_STYLE = Automatic;
				CURRENT_PROJECT_VERSION = 1;
				GENERATE_INFOPLIST_FILE = YES;
				IPHONEOS_DEPLOYMENT_TARGET = 17.5;
				MACOSX_DEPLOYMENT_TARGET = 14.5;
				MARKETING_VERSION = 1.0;
				PRODUCT_BUNDLE_IDENTIFIER = uk.co.ulverscroft.swiftuiTests;
				PRODUCT_NAME = "$(TARGET_NAME)";
				SDKROOT = auto;
				SUPPORTED_PLATFORMS = "iphoneos iphonesimulator macosx";
				SWIFT_EMIT_LOC_STRINGS = NO;
				SWIFT_VERSION = 5.0;
				TARGETED_DEVICE_FAMILY = "1,2";
				TEST_HOST = "$(BUILT_PRODUCTS_DIR)/swiftui.app/$(BUNDLE_EXECUTABLE_FOLDER_PATH)/swiftui";
			};
			name = Debug;
		};
		EE373F3B2C7E2251008332B4 /* Release */ = {
			isa = XCBuildConfiguration;
			buildSettings = {
				ALWAYS_EMBED_SWIFT_STANDARD_LIBRARIES = YES;
				BUNDLE_LOADER = "$(TEST_HOST)";
				CODE_SIGN_STYLE = Automatic;
				CURRENT_PROJECT_VERSION = 1;
				GENERATE_INFOPLIST_FILE = YES;
				IPHONEOS_DEPLOYMENT_TARGET = 17.5;
				MACOSX_DEPLOYMENT_TARGET = 14.5;
				MARKETING_VERSION = 1.0;
				PRODUCT_BUNDLE_IDENTIFIER = uk.co.ulverscroft.swiftuiTests;
				PRODUCT_NAME = "$(TARGET_NAME)";
				SDKROOT = auto;
				SUPPORTED_PLATFORMS = "iphoneos iphonesimulator macosx";
				SWIFT_EMIT_LOC_STRINGS = NO;
				SWIFT_VERSION = 5.0;
				TARGETED_DEVICE_FAMILY = "1,2";
				TEST_HOST = "$(BUILT_PRODUCTS_DIR)/swiftui.app/$(BUNDLE_EXECUTABLE_FOLDER_PATH)/swiftui";
			};
			name = Release;
		};
		EE373F3D2C7E2251008332B4 /* Debug */ = {
			isa = XCBuildConfiguration;
			buildSettings = {
				ALWAYS_EMBED_SWIFT_STANDARD_LIBRARIES = YES;
				CODE_SIGN_STYLE = Automatic;
				CURRENT_PROJECT_VERSION = 1;
				GENERATE_INFOPLIST_FILE = YES;
				IPHONEOS_DEPLOYMENT_TARGET = 17.5;
				MACOSX_DEPLOYMENT_TARGET = 14.5;
				MARKETING_VERSION = 1.0;
				PRODUCT_BUNDLE_IDENTIFIER = tm.swiftuiUITests;
				PRODUCT_NAME = "$(TARGET_NAME)";
				SDKROOT = auto;
				SUPPORTED_PLATFORMS = "iphoneos iphonesimulator macosx";
				SWIFT_EMIT_LOC_STRINGS = NO;
				SWIFT_VERSION = 5.0;
				TARGETED_DEVICE_FAMILY = "1,2";
				TEST_TARGET_NAME = swiftui;
			};
			name = Debug;
		};
		EE373F3E2C7E2251008332B4 /* Release */ = {
			isa = XCBuildConfiguration;
			buildSettings = {
				ALWAYS_EMBED_SWIFT_STANDARD_LIBRARIES = YES;
				CODE_SIGN_STYLE = Automatic;
				CURRENT_PROJECT_VERSION = 1;
				GENERATE_INFOPLIST_FILE = YES;
				IPHONEOS_DEPLOYMENT_TARGET = 17.5;
				MACOSX_DEPLOYMENT_TARGET = 14.5;
				MARKETING_VERSION = 1.0;
				PRODUCT_BUNDLE_IDENTIFIER = tm.swiftuiUITests;
				PRODUCT_NAME = "$(TARGET_NAME)";
				SDKROOT = auto;
				SUPPORTED_PLATFORMS = "iphoneos iphonesimulator macosx";
				SWIFT_EMIT_LOC_STRINGS = NO;
				SWIFT_VERSION = 5.0;
				TARGETED_DEVICE_FAMILY = "1,2";
				TEST_TARGET_NAME = swiftui;
			};
			name = Release;
		};
/* End XCBuildConfiguration section */

/* Begin XCConfigurationList section */
		EE373F0C2C7E224F008332B4 /* Build configuration list for PBXProject "swiftui" */ = {
			isa = XCConfigurationList;
			buildConfigurations = (
				EE373F342C7E2251008332B4 /* Debug */,
				EE373F352C7E2251008332B4 /* Release */,
			);
			defaultConfigurationIsVisible = 0;
			defaultConfigurationName = Release;
		};
		EE373F362C7E2251008332B4 /* Build configuration list for PBXNativeTarget "swiftui" */ = {
			isa = XCConfigurationList;
			buildConfigurations = (
				EE373F372C7E2251008332B4 /* Debug */,
				EE373F382C7E2251008332B4 /* Release */,
			);
			defaultConfigurationIsVisible = 0;
			defaultConfigurationName = Release;
		};
		EE373F392C7E2251008332B4 /* Build configuration list for PBXNativeTarget "swiftuiTests" */ = {
			isa = XCConfigurationList;
			buildConfigurations = (
				EE373F3A2C7E2251008332B4 /* Debug */,
				EE373F3B2C7E2251008332B4 /* Release */,
			);
			defaultConfigurationIsVisible = 0;
			defaultConfigurationName = Release;
		};
		EE373F3C2C7E2251008332B4 /* Build configuration list for PBXNativeTarget "swiftuiUITests" */ = {
			isa = XCConfigurationList;
			buildConfigurations = (
				EE373F3D2C7E2251008332B4 /* Debug */,
				EE373F3E2C7E2251008332B4 /* Release */,
			);
			defaultConfigurationIsVisible = 0;
			defaultConfigurationName = Release;
		};
/* End XCConfigurationList section */
	};
	rootObject = EE373F092C7E224F008332B4 /* Project object */;
}
